
Microsoft Visual Studio Solution File, Format Version 12.00
# Visual Studio 15
VisualStudioVersion = 15.0.27703.2000
MinimumVisualStudioVersion = 10.0.40219.1
Project("{9A19103F-16F7-4668-BE54-9A1E7A4F7556}") = "LayeredApp.Model", "LayeredApp.Model\LayeredApp.Model.csproj", "{0B0CD384-0CBF-410A-8074-FC63FDF3FE47}"
EndProject
Project("{9A19103F-16F7-4668-BE54-9A1E7A4F7556}") = "LayeredApp.Domain", "LayeredApp.Domain\LayeredApp.Domain.csproj", "{BF361F25-BA25-4D02-82AF-317E97E06E48}"
EndProject
Project("{9A19103F-16F7-4668-BE54-9A1E7A4F7556}") = "LayeredApp.Repository", "LayeredApp.Repository\LayeredApp.Repository.csproj", "{804F7D38-4202-4BFE-AD40-CD59840AA572}"
EndProject
Project("{9A19103F-16F7-4668-BE54-9A1E7A4F7556}") = "LayeredApp.Application", "LayeredApp.Application\LayeredApp.Application.csproj", "{DA6FA960-4F90-4D43-A270-8502BA6925F5}"
EndProject
Project("{9A19103F-16F7-4668-BE54-9A1E7A4F7556}") = "LayeredApp.API", "LayeredApp.API\LayeredApp.API.csproj", "{D0E18662-EBAD-4B57-9F5F-A0B84F8AFE23}"
EndProject
Global
	GlobalSection(SolutionConfigurationPlatforms) = preSolution
		Debug|Any CPU = Debug|Any CPU
		Release|Any CPU = Release|Any CPU
	EndGlobalSection
	GlobalSection(ProjectConfigurationPlatforms) = postSolution
		{0B0CD384-0CBF-410A-8074-FC63FDF3FE47}.Debug|Any CPU.ActiveCfg = Debug|Any CPU
		{0B0CD384-0CBF-410A-8074-FC63FDF3FE47}.Debug|Any CPU.Build.0 = Debug|Any CPU
		{0B0CD384-0CBF-410A-8074-FC63FDF3FE47}.Release|Any CPU.ActiveCfg = Release|Any CPU
		{0B0CD384-0CBF-410A-8074-FC63FDF3FE47}.Release|Any CPU.Build.0 = Release|Any CPU
		{BF361F25-BA25-4D02-82AF-317E97E06E48}.Debug|Any CPU.ActiveCfg = Debug|Any CPU
		{BF361F25-BA25-4D02-82AF-317E97E06E48}.Debug|Any CPU.Build.0 = Debug|Any CPU
		{BF361F25-BA25-4D02-82AF-317E97E06E48}.Release|Any CPU.ActiveCfg = Release|Any CPU
		{BF361F25-BA25-4D02-82AF-317E97E06E48}.Release|Any CPU.Build.0 = Release|Any CPU
		{804F7D38-4202-4BFE-AD40-CD59840AA572}.Debug|Any CPU.ActiveCfg = Debug|Any CPU
		{804F7D38-4202-4BFE-AD40-CD59840AA572}.Debug|Any CPU.Build.0 = Debug|Any CPU
		{804F7D38-4202-4BFE-AD40-CD59840AA572}.Release|Any CPU.ActiveCfg = Release|Any CPU
		{804F7D38-4202-4BFE-AD40-CD59840AA572}.Release|Any CPU.Build.0 = Release|Any CPU
		{DA6FA960-4F90-4D43-A270-8502BA6925F5}.Debug|Any CPU.ActiveCfg = Debug|Any CPU
		{DA6FA960-4F90-4D43-A270-8502BA6925F5}.Debug|Any CPU.Build.0 = Debug|Any CPU
		{DA6FA960-4F90-4D43-A270-8502BA6925F5}.Release|Any CPU.ActiveCfg = Release|Any CPU
		{DA6FA960-4F90-4D43-A270-8502BA6925F5}.Release|Any CPU.Build.0 = Release|Any CPU
		{D0E18662-EBAD-4B57-9F5F-A0B84F8AFE23}.Debug|Any CPU.ActiveCfg = Debug|Any CPU
		{D0E18662-EBAD-4B57-9F5F-A0B84F8AFE23}.Debug|Any CPU.Build.0 = Debug|Any CPU
		{D0E18662-EBAD-4B57-9F5F-A0B84F8AFE23}.Release|Any CPU.ActiveCfg = Release|Any CPU
		{D0E18662-EBAD-4B57-9F5F-A0B84F8AFE23}.Release|Any CPU.Build.0 = Release|Any CPU
	EndGlobalSection
	GlobalSection(SolutionProperties) = preSolution
		HideSolutionNode = FALSE
	EndGlobalSection
	GlobalSection(ExtensibilityGlobals) = postSolution
		SolutionGuid = {7B05C374-0EB1-4E99-AD96-8958E36FBAD4}
	EndGlobalSection
EndGlobal
